
Microsoft Visual Studio Solution File, Format Version 12.00
# Visual Studio Version 17
VisualStudioVersion = 17.3.32922.545
MinimumVisualStudioVersion = 10.0.40219.1
Project("{9A19103F-16F7-4668-BE54-9A1E7A4F7556}") = "Datacom.PayslipGenerator.Console", "Datacom.PayslipGenerator.Console\Datacom.PayslipGenerator.Console.csproj", "{BE7B43C0-B0DB-4980-8BB4-52F1215CF947}"
EndProject
Project("{9A19103F-16F7-4668-BE54-9A1E7A4F7556}") = "Datacom.PayslipGenerator.Tests", "Datacom.PayslipGenerator.Tests\Datacom.PayslipGenerator.Tests.csproj", "{A91EE23F-D48D-400B-984F-0FA72D90073A}"
EndProject
Project("{9A19103F-16F7-4668-BE54-9A1E7A4F7556}") = "Datacom.PayslipGenerator.Web", "Datacom.PayslipGenerator.Web\Datacom.PayslipGenerator.Web.csproj", "{5CDF793D-985F-46BE-87A0-B4491E07576C}"
EndProject
Project("{9A19103F-16F7-4668-BE54-9A1E7A4F7556}") = "Datacom.PayslipGenerator", "Datacom.PayslipGenerator\Datacom.PayslipGenerator.csproj", "{FBAEE700-DB57-428B-BC81-D30486411B97}"
EndProject
Project("{9A19103F-16F7-4668-BE54-9A1E7A4F7556}") = "Datacom.PayslipGenerator.Services", "Datacom.PayslipGenerator.Services\Datacom.PayslipGenerator.Services.csproj", "{40B2B0A5-AF9D-4E0B-AA13-511380EE373F}"
EndProject
Project("{2150E333-8FDC-42A3-9474-1A3956D46DE8}") = "Solution Items", "Solution Items", "{9FFB3842-20AF-452D-8364-75561A044160}"
	ProjectSection(SolutionItems) = preProject
		README.md = README.md
	EndProjectSection
EndProject
Global
	GlobalSection(SolutionConfigurationPlatforms) = preSolution
		Debug|Any CPU = Debug|Any CPU
		Release|Any CPU = Release|Any CPU
	EndGlobalSection
	GlobalSection(ProjectConfigurationPlatforms) = postSolution
		{BE7B43C0-B0DB-4980-8BB4-52F1215CF947}.Debug|Any CPU.ActiveCfg = Debug|Any CPU
		{BE7B43C0-B0DB-4980-8BB4-52F1215CF947}.Debug|Any CPU.Build.0 = Debug|Any CPU
		{BE7B43C0-B0DB-4980-8BB4-52F1215CF947}.Release|Any CPU.ActiveCfg = Release|Any CPU
		{BE7B43C0-B0DB-4980-8BB4-52F1215CF947}.Release|Any CPU.Build.0 = Release|Any CPU
		{A91EE23F-D48D-400B-984F-0FA72D90073A}.Debug|Any CPU.ActiveCfg = Debug|Any CPU
		{A91EE23F-D48D-400B-984F-0FA72D90073A}.Debug|Any CPU.Build.0 = Debug|Any CPU
		{A91EE23F-D48D-400B-984F-0FA72D90073A}.Release|Any CPU.ActiveCfg = Release|Any CPU
		{A91EE23F-D48D-400B-984F-0FA72D90073A}.Release|Any CPU.Build.0 = Release|Any CPU
		{5CDF793D-985F-46BE-87A0-B4491E07576C}.Debug|Any CPU.ActiveCfg = Debug|Any CPU
		{5CDF793D-985F-46BE-87A0-B4491E07576C}.Debug|Any CPU.Build.0 = Debug|Any CPU
		{5CDF793D-985F-46BE-87A0-B4491E07576C}.Release|Any CPU.ActiveCfg = Release|Any CPU
		{5CDF793D-985F-46BE-87A0-B4491E07576C}.Release|Any CPU.Build.0 = Release|Any CPU
		{FBAEE700-DB57-428B-BC81-D30486411B97}.Debug|Any CPU.ActiveCfg = Debug|Any CPU
		{FBAEE700-DB57-428B-BC81-D30486411B97}.Debug|Any CPU.Build.0 = Debug|Any CPU
		{FBAEE700-DB57-428B-BC81-D30486411B97}.Release|Any CPU.ActiveCfg = Release|Any CPU
		{FBAEE700-DB57-428B-BC81-D30486411B97}.Release|Any CPU.Build.0 = Release|Any CPU
		{40B2B0A5-AF9D-4E0B-AA13-511380EE373F}.Debug|Any CPU.ActiveCfg = Debug|Any CPU
		{40B2B0A5-AF9D-4E0B-AA13-511380EE373F}.Debug|Any CPU.Build.0 = Debug|Any CPU
		{40B2B0A5-AF9D-4E0B-AA13-511380EE373F}.Release|Any CPU.ActiveCfg = Release|Any CPU
		{40B2B0A5-AF9D-4E0B-AA13-511380EE373F}.Release|Any CPU.Build.0 = Release|Any CPU
	EndGlobalSection
	GlobalSection(SolutionProperties) = preSolution
		HideSolutionNode = FALSE
	EndGlobalSection
	GlobalSection(ExtensibilityGlobals) = postSolution
		SolutionGuid = {BE68EA54-6183-41F6-A432-515E5B44E4AE}
	EndGlobalSection
EndGlobal
